{
  "originHash" : "3e652a926947867edfe04cf7c5e7cc7b91fdb179ea1e65842dd50f2e5c7209cc",
  "pins" : [
    {
      "identity" : "swiftwhisper?tab=readme-ov-file",
      "kind" : "remoteSourceControl",
      "location" : "https://github.com/exPHAT/SwiftWhisper?tab=readme-ov-file",
      "state" : {
        "revision" : "a192004db08de7c6eaa169eede77f1625e7d23fb",
        "version" : "1.2.0"
      }
    }
  ],
  "version" : 3
}
